// !$*UTF8*$!
{
	archiveVersion = 1;
	classes = {
	};
	objectVersion = 50;
	objects = {

/* Begin PBXBuildFile section */
		8D3945BC22CA7A44000710AD /* SwifteriOS.framework in Frameworks */ = {isa = PBXBuildFile; fileRef = 8D3945B522CA7A21000710AD /* SwifteriOS.framework */; };
		8D3945BD22CA7A44000710AD /* SwifteriOS.framework in Embed Frameworks */ = {isa = PBXBuildFile; fileRef = 8D3945B522CA7A21000710AD /* SwifteriOS.framework */; settings = {ATTRIBUTES = (CodeSignOnCopy, RemoveHeadersOnCopy, ); }; };
		8D6498C022C80FD5009E4DA3 /* TwitterSentientClassifier.mlmodel in Sources */ = {isa = PBXBuildFile; fileRef = 8D6498BF22C80FD5009E4DA3 /* TwitterSentientClassifier.mlmodel */; };
		8DBEC46C22EF6F9500ADF9CA /* Secrets.swift in Sources */ = {isa = PBXBuildFile; fileRef = 8DBEC46B22EF6F9500ADF9CA /* Secrets.swift */; };
		AD9EC65020FE2EF4002AE9BF /* AppDelegate.swift in Sources */ = {isa = PBXBuildFile; fileRef = AD9EC64F20FE2EF4002AE9BF /* AppDelegate.swift */; };
		AD9EC65220FE2EF4002AE9BF /* ViewController.swift in Sources */ = {isa = PBXBuildFile; fileRef = AD9EC65120FE2EF4002AE9BF /* ViewController.swift */; };
		AD9EC65520FE2EF4002AE9BF /* Main.storyboard in Resources */ = {isa = PBXBuildFile; fileRef = AD9EC65320FE2EF4002AE9BF /* Main.storyboard */; };
		AD9EC65720FE2EF7002AE9BF /* Assets.xcassets in Resources */ = {isa = PBXBuildFile; fileRef = AD9EC65620FE2EF7002AE9BF /* Assets.xcassets */; };
		AD9EC65A20FE2EF7002AE9BF /* LaunchScreen.storyboard in Resources */ = {isa = PBXBuildFile; fileRef = AD9EC65820FE2EF7002AE9BF /* LaunchScreen.storyboard */; };
		EE9A332592F96CC2B3B1996D /* Pods_Twittermenti.framework in Frameworks */ = {isa = PBXBuildFile; fileRef = AE3F01BF0ED8C1607050565B /* Pods_Twittermenti.framework */; };
/* End PBXBuildFile section */

/* Begin PBXContainerItemProxy section */
		8D3945B222CA7A21000710AD /* PBXContainerItemProxy */ = {
			isa = PBXContainerItemProxy;
			containerPortal = 8D3945AA22CA7A21000710AD /* Swifter.xcodeproj */;
			proxyType = 2;
			remoteGlobalIDString = 8B300C1F1944AA1A00993175;
			remoteInfo = SwifterDemoiOS;
		};
		8D3945B422CA7A21000710AD /* PBXContainerItemProxy */ = {
			isa = PBXContainerItemProxy;
			containerPortal = 8D3945AA22CA7A21000710AD /* Swifter.xcodeproj */;
			proxyType = 2;
			remoteGlobalIDString = 8B9F50EE1944A5AB00894629;
			remoteInfo = SwifteriOS;
		};
		8D3945B622CA7A21000710AD /* PBXContainerItemProxy */ = {
			isa = PBXContainerItemProxy;
			containerPortal = 8D3945AA22CA7A21000710AD /* Swifter.xcodeproj */;
			proxyType = 2;
			remoteGlobalIDString = 8B9F51131944A61D00894629;
			remoteInfo = SwifterMac;
		};
		8D3945B822CA7A21000710AD /* PBXContainerItemProxy */ = {
			isa = PBXContainerItemProxy;
			containerPortal = 8D3945AA22CA7A21000710AD /* Swifter.xcodeproj */;
			proxyType = 2;
			remoteGlobalIDString = 8B300C471944AECB00993175;
			remoteInfo = SwifterDemoMac;
		};
		8D3945BA22CA7A21000710AD /* PBXContainerItemProxy */ = {
			isa = PBXContainerItemProxy;
			containerPortal = 8D3945AA22CA7A21000710AD /* Swifter.xcodeproj */;
			proxyType = 2;
			remoteGlobalIDString = F6B4D5751C7BAC4500E06514;
			remoteInfo = SwifterTests;
		};
		8D3945BE22CA7A44000710AD /* PBXContainerItemProxy */ = {
			isa = PBXContainerItemProxy;
			containerPortal = 8D3945AA22CA7A21000710AD /* Swifter.xcodeproj */;
			proxyType = 1;
			remoteGlobalIDString = 8B9F50ED1944A5AB00894629;
			remoteInfo = SwifteriOS;
		};
/* End PBXContainerItemProxy section */

/* Begin PBXCopyFilesBuildPhase section */
		8D3945C022CA7A44000710AD /* Embed Frameworks */ = {
			isa = PBXCopyFilesBuildPhase;
			buildActionMask = 2147483647;
			dstPath = "";
			dstSubfolderSpec = 10;
			files = (
				8D3945BD22CA7A44000710AD /* SwifteriOS.framework in Embed Frameworks */,
			);
			name = "Embed Frameworks";
			runOnlyForDeploymentPostprocessing = 0;
		};
/* End PBXCopyFilesBuildPhase section */

/* Begin PBXFileReference section */
		7213FF590D2B2FB1FEBC21DB /* Pods-Twittermenti.debug.xcconfig */ = {isa = PBXFileReference; includeInIndex = 1; lastKnownFileType = text.xcconfig; name = "Pods-Twittermenti.debug.xcconfig"; path = "Target Support Files/Pods-Twittermenti/Pods-Twittermenti.debug.xcconfig"; sourceTree = "<group>"; };
		8D3945AA22CA7A21000710AD /* Swifter.xcodeproj */ = {isa = PBXFileReference; lastKnownFileType = "wrapper.pb-project"; name = Swifter.xcodeproj; path = ../Swifter/Swifter.xcodeproj; sourceTree = "<group>"; };
		8D6498BF22C80FD5009E4DA3 /* TwitterSentientClassifier.mlmodel */ = {isa = PBXFileReference; lastKnownFileType = file.mlmodel; path = TwitterSentientClassifier.mlmodel; sourceTree = "<group>"; };
		8DBEC46B22EF6F9500ADF9CA /* Secrets.swift */ = {isa = PBXFileReference; lastKnownFileType = sourcecode.swift; path = Secrets.swift; sourceTree = "<group>"; };
		AD9EC64C20FE2EF4002AE9BF /* Brand Sitter.app */ = {isa = PBXFileReference; explicitFileType = wrapper.application; includeInIndex = 0; path = "Brand Sitter.app"; sourceTree = BUILT_PRODUCTS_DIR; };
		AD9EC64F20FE2EF4002AE9BF /* AppDelegate.swift */ = {isa = PBXFileReference; lastKnownFileType = sourcecode.swift; path = AppDelegate.swift; sourceTree = "<group>"; };
		AD9EC65120FE2EF4002AE9BF /* ViewController.swift */ = {isa = PBXFileReference; lastKnownFileType = sourcecode.swift; path = ViewController.swift; sourceTree = "<group>"; };
		AD9EC65420FE2EF4002AE9BF /* Base */ = {isa = PBXFileReference; lastKnownFileType = file.storyboard; name = Base; path = Base.lproj/Main.storyboard; sourceTree = "<group>"; };
		AD9EC65620FE2EF7002AE9BF /* Assets.xcassets */ = {isa = PBXFileReference; lastKnownFileType = folder.assetcatalog; path = Assets.xcassets; sourceTree = "<group>"; };
		AD9EC65920FE2EF7002AE9BF /* Base */ = {isa = PBXFileReference; lastKnownFileType = file.storyboard; name = Base; path = Base.lproj/LaunchScreen.storyboard; sourceTree = "<group>"; };
		AD9EC65B20FE2EF7002AE9BF /* Info.plist */ = {isa = PBXFileReference; lastKnownFileType = text.plist.xml; path = Info.plist; sourceTree = "<group>"; };
		AE3F01BF0ED8C1607050565B /* Pods_Twittermenti.framework */ = {isa = PBXFileReference; explicitFileType = wrapper.framework; includeInIndex = 0; path = Pods_Twittermenti.framework; sourceTree = BUILT_PRODUCTS_DIR; };
		E9A1DEB696C8578B9EA5FF3B /* Pods-Twittermenti.release.xcconfig */ = {isa = PBXFileReference; includeInIndex = 1; lastKnownFileType = text.xcconfig; name = "Pods-Twittermenti.release.xcconfig"; path = "Target Support Files/Pods-Twittermenti/Pods-Twittermenti.release.xcconfig"; sourceTree = "<group>"; };
/* End PBXFileReference section */

/* Begin PBXFrameworksBuildPhase section */
		AD9EC64920FE2EF4002AE9BF /* Frameworks */ = {
			isa = PBXFrameworksBuildPhase;
			buildActionMask = 2147483647;
			files = (
				8D3945BC22CA7A44000710AD /* SwifteriOS.framework in Frameworks */,
				EE9A332592F96CC2B3B1996D /* Pods_Twittermenti.framework in Frameworks */,
			);
			runOnlyForDeploymentPostprocessing = 0;
		};
/* End PBXFrameworksBuildPhase section */

/* Begin PBXGroup section */
		1801F4121B315502DCF608F4 /* Frameworks */ = {
			isa = PBXGroup;
			children = (
				AE3F01BF0ED8C1607050565B /* Pods_Twittermenti.framework */,
			);
			name = Frameworks;
			sourceTree = "<group>";
		};
		8D3945AB22CA7A21000710AD /* Products */ = {
			isa = PBXGroup;
			children = (
				8D3945B322CA7A21000710AD /* SwifterDemoiOS.app */,
				8D3945B522CA7A21000710AD /* SwifteriOS.framework */,
				8D3945B722CA7A21000710AD /* SwifterMac.framework */,
				8D3945B922CA7A21000710AD /* SwifterDemoMac.app */,
				8D3945BB22CA7A21000710AD /* SwifterTests.xctest */,
			);
			name = Products;
			sourceTree = "<group>";
		};
		AD9EC64320FE2EF4002AE9BF = {
			isa = PBXGroup;
			children = (
				8D3945AA22CA7A21000710AD /* Swifter.xcodeproj */,
				AD9EC64E20FE2EF4002AE9BF /* Twittermenti */,
				AD9EC64D20FE2EF4002AE9BF /* Products */,
				DB290BD8FE8058ACE2026BAE /* Pods */,
				1801F4121B315502DCF608F4 /* Frameworks */,
			);
			sourceTree = "<group>";
		};
		AD9EC64D20FE2EF4002AE9BF /* Products */ = {
			isa = PBXGroup;
			children = (
				AD9EC64C20FE2EF4002AE9BF /* Brand Sitter.app */,
			);
			name = Products;
			sourceTree = "<group>";
		};
		AD9EC64E20FE2EF4002AE9BF /* Twittermenti */ = {
			isa = PBXGroup;
			children = (
				AD9EC64F20FE2EF4002AE9BF /* AppDelegate.swift */,
				AD9EC65120FE2EF4002AE9BF /* ViewController.swift */,
				AD9EC65320FE2EF4002AE9BF /* Main.storyboard */,
				AD9EC65620FE2EF7002AE9BF /* Assets.xcassets */,
				AD9EC65820FE2EF7002AE9BF /* LaunchScreen.storyboard */,
				AD9EC65B20FE2EF7002AE9BF /* Info.plist */,
				8D6498BF22C80FD5009E4DA3 /* TwitterSentientClassifier.mlmodel */,
				8DBEC46B22EF6F9500ADF9CA /* Secrets.swift */,
			);
			path = Twittermenti;
			sourceTree = "<group>";
		};
		DB290BD8FE8058ACE2026BAE /* Pods */ = {
			isa = PBXGroup;
			children = (
				7213FF590D2B2FB1FEBC21DB /* Pods-Twittermenti.debug.xcconfig */,
				E9A1DEB696C8578B9EA5FF3B /* Pods-Twittermenti.release.xcconfig */,
			);
			path = Pods;
			sourceTree = "<group>";
		};
/* End PBXGroup section */

/* Begin PBXNativeTarget section */
		AD9EC64B20FE2EF4002AE9BF /* Brand Sitter */ = {
			isa = PBXNativeTarget;
			buildConfigurationList = AD9EC65E20FE2EF7002AE9BF /* Build configuration list for PBXNativeTarget "Brand Sitter" */;
			buildPhases = (
				0511FD2354741BEF63C5F46A /* [CP] Check Pods Manifest.lock */,
				AD9EC64820FE2EF4002AE9BF /* Sources */,
				AD9EC64920FE2EF4002AE9BF /* Frameworks */,
				AD9EC64A20FE2EF4002AE9BF /* Resources */,
				8D3945C022CA7A44000710AD /* Embed Frameworks */,
				6B5BD5CD7F3FF3D714859DBA /* [CP] Embed Pods Frameworks */,
			);
			buildRules = (
			);
			dependencies = (
				8D3945BF22CA7A44000710AD /* PBXTargetDependency */,
			);
			name = "Brand Sitter";
			productName = Twittermenti;
			productReference = AD9EC64C20FE2EF4002AE9BF /* Brand Sitter.app */;
			productType = "com.apple.product-type.application";
		};
/* End PBXNativeTarget section */

/* Begin PBXProject section */
		AD9EC64420FE2EF4002AE9BF /* Project object */ = {
			isa = PBXProject;
			attributes = {
				LastSwiftUpdateCheck = 1000;
				LastUpgradeCheck = 1000;
				ORGANIZATIONNAME = "London App Brewery";
				TargetAttributes = {
					AD9EC64B20FE2EF4002AE9BF = {
						CreatedOnToolsVersion = 10.0;
						LastSwiftMigration = 1020;
					};
				};
			};
			buildConfigurationList = AD9EC64720FE2EF4002AE9BF /* Build configuration list for PBXProject "Brand Sitter" */;
			compatibilityVersion = "Xcode 9.3";
			developmentRegion = en;
			hasScannedForEncodings = 0;
			knownRegions = (
				en,
				Base,
			);
			mainGroup = AD9EC64320FE2EF4002AE9BF;
			productRefGroup = AD9EC64D20FE2EF4002AE9BF /* Products */;
			projectDirPath = "";
			projectReferences = (
				{
					ProductGroup = 8D3945AB22CA7A21000710AD /* Products */;
					ProjectRef = 8D3945AA22CA7A21000710AD /* Swifter.xcodeproj */;
				},
			);
			projectRoot = "";
			targets = (
				AD9EC64B20FE2EF4002AE9BF /* Brand Sitter */,
			);
		};
/* End PBXProject section */

/* Begin PBXReferenceProxy section */
		8D3945B322CA7A21000710AD /* SwifterDemoiOS.app */ = {
			isa = PBXReferenceProxy;
			fileType = wrapper.application;
			path = SwifterDemoiOS.app;
			remoteRef = 8D3945B222CA7A21000710AD /* PBXContainerItemProxy */;
			sourceTree = BUILT_PRODUCTS_DIR;
		};
		8D3945B522CA7A21000710AD /* SwifteriOS.framework */ = {
			isa = PBXReferenceProxy;
			fileType = wrapper.framework;
			path = SwifteriOS.framework;
			remoteRef = 8D3945B422CA7A21000710AD /* PBXContainerItemProxy */;
			sourceTree = BUILT_PRODUCTS_DIR;
		};
		8D3945B722CA7A21000710AD /* SwifterMac.framework */ = {
			isa = PBXReferenceProxy;
			fileType = wrapper.framework;
			path = SwifterMac.framework;
			remoteRef = 8D3945B622CA7A21000710AD /* PBXContainerItemProxy */;
			sourceTree = BUILT_PRODUCTS_DIR;
		};
		8D3945B922CA7A21000710AD /* SwifterDemoMac.app */ = {
			isa = PBXReferenceProxy;
			fileType = wrapper.application;
			path = SwifterDemoMac.app;
			remoteRef = 8D3945B822CA7A21000710AD /* PBXContainerItemProxy */;
			sourceTree = BUILT_PRODUCTS_DIR;
		};
		8D3945BB22CA7A21000710AD /* SwifterTests.xctest */ = {
			isa = PBXReferenceProxy;
			fileType = wrapper.cfbundle;
			path = SwifterTests.xctest;
			remoteRef = 8D3945BA22CA7A21000710AD /* PBXContainerItemProxy */;
			sourceTree = BUILT_PRODUCTS_DIR;
		};
/* End PBXReferenceProxy section */

/* Begin PBXResourcesBuildPhase section */
		AD9EC64A20FE2EF4002AE9BF /* Resources */ = {
			isa = PBXResourcesBuildPhase;
			buildActionMask = 2147483647;
			files = (
				AD9EC65A20FE2EF7002AE9BF /* LaunchScreen.storyboard in Resources */,
				AD9EC65720FE2EF7002AE9BF /* Assets.xcassets in Resources */,
				AD9EC65520FE2EF4002AE9BF /* Main.storyboard in Resources */,
			);
			runOnlyForDeploymentPostprocessing = 0;
		};
/* End PBXResourcesBuildPhase section */

/* Begin PBXShellScriptBuildPhase section */
		0511FD2354741BEF63C5F46A /* [CP] Check Pods Manifest.lock */ = {
			isa = PBXShellScriptBuildPhase;
			buildActionMask = 2147483647;
			files = (
			);
			inputFileListPaths = (
			);
			inputPaths = (
				"${PODS_PODFILE_DIR_PATH}/Podfile.lock",
				"${PODS_ROOT}/Manifest.lock",
			);
			name = "[CP] Check Pods Manifest.lock";
			outputFileListPaths = (
			);
			outputPaths = (
				"$(DERIVED_FILE_DIR)/Pods-Twittermenti-checkManifestLockResult.txt",
			);
			runOnlyForDeploymentPostprocessing = 0;
			shellPath = /bin/sh;
			shellScript = "diff \"${PODS_PODFILE_DIR_PATH}/Podfile.lock\" \"${PODS_ROOT}/Manifest.lock\" > /dev/null\nif [ $? != 0 ] ; then\n    # print error to STDERR\n    echo \"error: The sandbox is not in sync with the Podfile.lock. Run 'pod install' or update your CocoaPods installation.\" >&2\n    exit 1\nfi\n# This output is used by Xcode 'outputs' to avoid re-running this script phase.\necho \"SUCCESS\" > \"${SCRIPT_OUTPUT_FILE_0}\"\n";
			showEnvVarsInLog = 0;
		};
		6B5BD5CD7F3FF3D714859DBA /* [CP] Embed Pods Frameworks */ = {
			isa = PBXShellScriptBuildPhase;
			buildActionMask = 2147483647;
			files = (
			);
			inputFileListPaths = (
			);
			inputPaths = (
				"${PODS_ROOT}/Target Support Files/Pods-Twittermenti/Pods-Twittermenti-frameworks.sh",
				"${BUILT_PRODUCTS_DIR}/SwiftyJSON/SwiftyJSON.framework",
			);
			name = "[CP] Embed Pods Frameworks";
			outputFileListPaths = (
			);
			outputPaths = (
				"${TARGET_BUILD_DIR}/${FRAMEWORKS_FOLDER_PATH}/SwiftyJSON.framework",
			);
			runOnlyForDeploymentPostprocessing = 0;
			shellPath = /bin/sh;
			shellScript = "\"${PODS_ROOT}/Target Support Files/Pods-Twittermenti/Pods-Twittermenti-frameworks.sh\"\n";
			showEnvVarsInLog = 0;
		};
/* End PBXShellScriptBuildPhase section */

/* Begin PBXSourcesBuildPhase section */
		AD9EC64820FE2EF4002AE9BF /* Sources */ = {
			isa = PBXSourcesBuildPhase;
			buildActionMask = 2147483647;
			files = (
				AD9EC65220FE2EF4002AE9BF /* ViewController.swift in Sources */,
				8DBEC46C22EF6F9500ADF9CA /* Secrets.swift in Sources */,
				8D6498C022C80FD5009E4DA3 /* TwitterSentientClassifier.mlmodel in Sources */,
				AD9EC65020FE2EF4002AE9BF /* AppDelegate.swift in Sources */,
			);
			runOnlyForDeploymentPostprocessing = 0;
		};
/* End PBXSourcesBuildPhase section */

/* Begin PBXTargetDependency section */
		8D3945BF22CA7A44000710AD /* PBXTargetDependency */ = {
			isa = PBXTargetDependency;
			name = SwifteriOS;
			targetProxy = 8D3945BE22CA7A44000710AD /* PBXContainerItemProxy */;
		};
/* End PBXTargetDependency section */

/* Begin PBXVariantGroup section */
		AD9EC65320FE2EF4002AE9BF /* Main.storyboard */ = {
			isa = PBXVariantGroup;
			children = (
				AD9EC65420FE2EF4002AE9BF /* Base */,
			);
			name = Main.storyboard;
			sourceTree = "<group>";
		};
		AD9EC65820FE2EF7002AE9BF /* LaunchScreen.storyboard */ = {
			isa = PBXVariantGroup;
			children = (
				AD9EC65920FE2EF7002AE9BF /* Base */,
			);
			name = LaunchScreen.storyboard;
			sourceTree = "<group>";
		};
/* End PBXVariantGroup section */

/* Begin XCBuildConfiguration section */
		AD9EC65C20FE2EF7002AE9BF /* Debug */ = {
			isa = XCBuildConfiguration;
			buildSettings = {
				ALWAYS_SEARCH_USER_PATHS = NO;
				CLANG_ANALYZER_NONNULL = YES;
				CLANG_ANALYZER_NUMBER_OBJECT_CONVERSION = YES_AGGRESSIVE;
				CLANG_CXX_LANGUAGE_STANDARD = "gnu++14";
				CLANG_CXX_LIBRARY = "libc++";
				CLANG_ENABLE_MODULES = YES;
				CLANG_ENABLE_OBJC_ARC = YES;
				CLANG_ENABLE_OBJC_WEAK = YES;
				CLANG_WARN_BLOCK_CAPTURE_AUTORELEASING = YES;
				CLANG_WARN_BOOL_CONVERSION = YES;
				CLANG_WARN_COMMA = YES;
				CLANG_WARN_CONSTANT_CONVERSION = YES;
				CLANG_WARN_DEPRECATED_OBJC_IMPLEMENTATIONS = YES;
				CLANG_WARN_DIRECT_OBJC_ISA_USAGE = YES_ERROR;
				CLANG_WARN_DOCUMENTATION_COMMENTS = YES;
				CLANG_WARN_EMPTY_BODY = YES;
				CLANG_WARN_ENUM_CONVERSION = YES;
				CLANG_WARN_INFINITE_RECURSION = YES;
				CLANG_WARN_INT_CONVERSION = YES;
				CLANG_WARN_NON_LITERAL_NULL_CONVERSION = YES;
				CLANG_WARN_OBJC_IMPLICIT_RETAIN_SELF = YES;
				CLANG_WARN_OBJC_LITERAL_CONVERSION = YES;
				CLANG_WARN_OBJC_ROOT_CLASS = YES_ERROR;
				CLANG_WARN_RANGE_LOOP_ANALYSIS = YES;
				CLANG_WARN_STRICT_PROTOTYPES = YES;
				CLANG_WARN_SUSPICIOUS_MOVE = YES;
				CLANG_WARN_UNGUARDED_AVAILABILITY = YES_AGGRESSIVE;
				CLANG_WARN_UNREACHABLE_CODE = YES;
				CLANG_WARN__DUPLICATE_METHOD_MATCH = YES;
				CODE_SIGN_IDENTITY = "iPhone Developer";
				COPY_PHASE_STRIP = NO;
				DEBUG_INFORMATION_FORMAT = dwarf;
				ENABLE_STRICT_OBJC_MSGSEND = YES;
				ENABLE_TESTABILITY = YES;
				GCC_C_LANGUAGE_STANDARD = gnu11;
				GCC_DYNAMIC_NO_PIC = NO;
				GCC_NO_COMMON_BLOCKS = YES;
				GCC_OPTIMIZATION_LEVEL = 0;
				GCC_PREPROCESSOR_DEFINITIONS = (
					"DEBUG=1",
					"$(inherited)",
				);
				GCC_WARN_64_TO_32_BIT_CONVERSION = YES;
				GCC_WARN_ABOUT_RETURN_TYPE = YES_ERROR;
				GCC_WARN_UNDECLARED_SELECTOR = YES;
				GCC_WARN_UNINITIALIZED_AUTOS = YES_AGGRESSIVE;
				GCC_WARN_UNUSED_FUNCTION = YES;
				GCC_WARN_UNUSED_VARIABLE = YES;
				IPHONEOS_DEPLOYMENT_TARGET = 12.0;
				MTL_ENABLE_DEBUG_INFO = INCLUDE_SOURCE;
				MTL_FAST_MATH = YES;
				ONLY_ACTIVE_ARCH = YES;
				SDKROOT = iphoneos;
				SWIFT_ACTIVE_COMPILATION_CONDITIONS = DEBUG;
				SWIFT_OPTIMIZATION_LEVEL = "-Onone";
			};
			name = Debug;
		};
		AD9EC65D20FE2EF7002AE9BF /* Release */ = {
			isa = XCBuildConfiguration;
			buildSettings = {
				ALWAYS_SEARCH_USER_PATHS = NO;
				CLANG_ANALYZER_NONNULL = YES;
				CLANG_ANALYZER_NUMBER_OBJECT_CONVERSION = YES_AGGRESSIVE;
				CLANG_CXX_LANGUAGE_STANDARD = "gnu++14";
				CLANG_CXX_LIBRARY = "libc++";
				CLANG_ENABLE_MODULES = YES;
				CLANG_ENABLE_OBJC_ARC = YES;
				CLANG_ENABLE_OBJC_WEAK = YES;
				CLANG_WARN_BLOCK_CAPTURE_AUTORELEASING = YES;
				CLANG_WARN_BOOL_CONVERSION = YES;
				CLANG_WARN_COMMA = YES;
				CLANG_WARN_CONSTANT_CONVERSION = YES;
				CLANG_WARN_DEPRECATED_OBJC_IMPLEMENTATIONS = YES;
				CLANG_WARN_DIRECT_OBJC_ISA_USAGE = YES_ERROR;
				CLANG_WARN_DOCUMENTATION_COMMENTS = YES;
				CLANG_WARN_EMPTY_BODY = YES;
				CLANG_WARN_ENUM_CONVERSION = YES;
				CLANG_WARN_INFINITE_RECURSION = YES;
				CLANG_WARN_INT_CONVERSION = YES;
				CLANG_WARN_NON_LITERAL_NULL_CONVERSION = YES;
				CLANG_WARN_OBJC_IMPLICIT_RETAIN_SELF = YES;
				CLANG_WARN_OBJC_LITERAL_CONVERSION = YES;
				CLANG_WARN_OBJC_ROOT_CLASS = YES_ERROR;
				CLANG_WARN_RANGE_LOOP_ANALYSIS = YES;
				CLANG_WARN_STRICT_PROTOTYPES = YES;
				CLANG_WARN_SUSPICIOUS_MOVE = YES;
				CLANG_WARN_UNGUARDED_AVAILABILITY = YES_AGGRESSIVE;
				CLANG_WARN_UNREACHABLE_CODE = YES;
				CLANG_WARN__DUPLICATE_METHOD_MATCH = YES;
				CODE_SIGN_IDENTITY = "iPhone Developer";
				COPY_PHASE_STRIP = NO;
				DEBUG_INFORMATION_FORMAT = "dwarf-with-dsym";
				ENABLE_NS_ASSERTIONS = NO;
				ENABLE_STRICT_OBJC_MSGSEND = YES;
				GCC_C_LANGUAGE_STANDARD = gnu11;
				GCC_NO_COMMON_BLOCKS = YES;
				GCC_WARN_64_TO_32_BIT_CONVERSION = YES;
				GCC_WARN_ABOUT_RETURN_TYPE = YES_ERROR;
				GCC_WARN_UNDECLARED_SELECTOR = YES;
				GCC_WARN_UNINITIALIZED_AUTOS = YES_AGGRESSIVE;
				GCC_WARN_UNUSED_FUNCTION = YES;
				GCC_WARN_UNUSED_VARIABLE = YES;
				IPHONEOS_DEPLOYMENT_TARGET = 12.0;
				MTL_ENABLE_DEBUG_INFO = NO;
				MTL_FAST_MATH = YES;
				SDKROOT = iphoneos;
				SWIFT_COMPILATION_MODE = wholemodule;
				SWIFT_OPTIMIZATION_LEVEL = "-O";
				VALIDATE_PRODUCT = YES;
			};
			name = Release;
		};
		AD9EC65F20FE2EF7002AE9BF /* Debug */ = {
			isa = XCBuildConfiguration;
			baseConfigurationReference = 7213FF590D2B2FB1FEBC21DB /* Pods-Twittermenti.debug.xcconfig */;
			buildSettings = {
				ALWAYS_EMBED_SWIFT_STANDARD_LIBRARIES = YES;
				ASSETCATALOG_COMPILER_APPICON_NAME = AppIcon;
				CODE_SIGN_STYLE = Automatic;
				DEVELOPMENT_TEAM = M92753CP7G;
				INFOPLIST_FILE = Twittermenti/Info.plist;
				LD_RUNPATH_SEARCH_PATHS = (
					"$(inherited)",
					"@executable_path/Frameworks",
				);
				PRODUCT_BUNDLE_IDENTIFIER = com.thereignyseason.BrandSitter;
				PRODUCT_NAME = "$(TARGET_NAME)";
				SWIFT_VERSION = 5.0;
				TARGETED_DEVICE_FAMILY = "1,2";
			};
			name = Debug;
		};
		AD9EC66020FE2EF7002AE9BF /* Release */ = {
			isa = XCBuildConfiguration;
			baseConfigurationReference = E9A1DEB696C8578B9EA5FF3B /* Pods-Twittermenti.release.xcconfig */;
			buildSettings = {
				ALWAYS_EMBED_SWIFT_STANDARD_LIBRARIES = YES;
				ASSETCATALOG_COMPILER_APPICON_NAME = AppIcon;
				CODE_SIGN_STYLE = Automatic;
				DEVELOPMENT_TEAM = M92753CP7G;
				INFOPLIST_FILE = Twittermenti/Info.plist;
				LD_RUNPATH_SEARCH_PATHS = (
					"$(inherited)",
					"@executable_path/Frameworks",
				);
				PRODUCT_BUNDLE_IDENTIFIER = com.thereignyseason.BrandSitter;
				PRODUCT_NAME = "$(TARGET_NAME)";
				SWIFT_VERSION = 5.0;
				TARGETED_DEVICE_FAMILY = "1,2";
			};
			name = Release;
		};
/* End XCBuildConfiguration section */

/* Begin XCConfigurationList section */
		AD9EC64720FE2EF4002AE9BF /* Build configuration list for PBXProject "Brand Sitter" */ = {
			isa = XCConfigurationList;
			buildConfigurations = (
				AD9EC65C20FE2EF7002AE9BF /* Debug */,
				AD9EC65D20FE2EF7002AE9BF /* Release */,
			);
			defaultConfigurationIsVisible = 0;
			defaultConfigurationName = Release;
		};
		AD9EC65E20FE2EF7002AE9BF /* Build configuration list for PBXNativeTarget "Brand Sitter" */ = {
			isa = XCConfigurationList;
			buildConfigurations = (
				AD9EC65F20FE2EF7002AE9BF /* Debug */,
				AD9EC66020FE2EF7002AE9BF /* Release */,
			);
			defaultConfigurationIsVisible = 0;
			defaultConfigurationName = Release;
		};
/* End XCConfigurationList section */
	};
	rootObject = AD9EC64420FE2EF4002AE9BF /* Project object */;
}
